// !$*UTF8*$!
{
	archiveVersion = 1;
	classes = {
	};
	objectVersion = 56;
	objects = {

/* Begin PBXBuildFile section */
		E35D91FC296ED922007290BA /* NavigationStackProjectApp.swift in Sources */ = {isa = PBXBuildFile; fileRef = E35D91FB296ED922007290BA /* NavigationStackProjectApp.swift */; };
		E35D91FE296ED922007290BA /* ContentView.swift in Sources */ = {isa = PBXBuildFile; fileRef = E35D91FD296ED922007290BA /* ContentView.swift */; };
		E35D9200296ED923007290BA /* Assets.xcassets in Resources */ = {isa = PBXBuildFile; fileRef = E35D91FF296ED923007290BA /* Assets.xcassets */; };
		E35D9203296ED923007290BA /* Preview Assets.xcassets in Resources */ = {isa = PBXBuildFile; fileRef = E35D9202296ED923007290BA /* Preview Assets.xcassets */; };
		E35D920D296ED969007290BA /* FirstTabView.swift in Sources */ = {isa = PBXBuildFile; fileRef = E35D920C296ED969007290BA /* FirstTabView.swift */; };
		E35D920F296EDB16007290BA /* DetailView.swift in Sources */ = {isa = PBXBuildFile; fileRef = E35D920E296EDB16007290BA /* DetailView.swift */; };
		E35D9212296EE3AD007290BA /* Book.swift in Sources */ = {isa = PBXBuildFile; fileRef = E35D9211296EE3AD007290BA /* Book.swift */; };
		E35D9214296EE409007290BA /* SecondTabView.swift in Sources */ = {isa = PBXBuildFile; fileRef = E35D9213296EE409007290BA /* SecondTabView.swift */; };
		E35D9216296EE4B7007290BA /* BookDestinationView.swift in Sources */ = {isa = PBXBuildFile; fileRef = E35D9215296EE4B7007290BA /* BookDestinationView.swift */; };
		E35D9218296EE615007290BA /* ThirdTabView.swift in Sources */ = {isa = PBXBuildFile; fileRef = E35D9217296EE615007290BA /* ThirdTabView.swift */; };
		E35D921A296EE620007290BA /* Song.swift in Sources */ = {isa = PBXBuildFile; fileRef = E35D9219296EE620007290BA /* Song.swift */; };
		E35D921C296EE626007290BA /* Movie.swift in Sources */ = {isa = PBXBuildFile; fileRef = E35D921B296EE626007290BA /* Movie.swift */; };
		E35D921E296EE733007290BA /* ModelDataManager.swift in Sources */ = {isa = PBXBuildFile; fileRef = E35D921D296EE733007290BA /* ModelDataManager.swift */; };
		E35D9220296EE7BC007290BA /* RootView.swift in Sources */ = {isa = PBXBuildFile; fileRef = E35D921F296EE7BC007290BA /* RootView.swift */; };
		E35D9222296EFADA007290BA /* SongDetailView.swift in Sources */ = {isa = PBXBuildFile; fileRef = E35D9221296EFADA007290BA /* SongDetailView.swift */; };
		E35D9224296EFB3E007290BA /* SettingsView.swift in Sources */ = {isa = PBXBuildFile; fileRef = E35D9223296EFB3E007290BA /* SettingsView.swift */; };
		E35D9226296EFBF2007290BA /* BookDetailView.swift in Sources */ = {isa = PBXBuildFile; fileRef = E35D9225296EFBF2007290BA /* BookDetailView.swift */; };
		E35D9228296EFCF1007290BA /* MovieDetailView.swift in Sources */ = {isa = PBXBuildFile; fileRef = E35D9227296EFCF1007290BA /* MovieDetailView.swift */; };
		E35D922A296F1B27007290BA /* NavigationStateManager.swift in Sources */ = {isa = PBXBuildFile; fileRef = E35D9229296F1B27007290BA /* NavigationStateManager.swift */; };
/* End PBXBuildFile section */

/* Begin PBXFileReference section */
		E35D91F8296ED922007290BA /* NavigationStackProject.app */ = {isa = PBXFileReference; explicitFileType = wrapper.application; includeInIndex = 0; path = NavigationStackProject.app; sourceTree = BUILT_PRODUCTS_DIR; };
		E35D91FB296ED922007290BA /* NavigationStackProjectApp.swift */ = {isa = PBXFileReference; lastKnownFileType = sourcecode.swift; path = NavigationStackProjectApp.swift; sourceTree = "<group>"; };
		E35D91FD296ED922007290BA /* ContentView.swift */ = {isa = PBXFileReference; lastKnownFileType = sourcecode.swift; path = ContentView.swift; sourceTree = "<group>"; };
		E35D91FF296ED923007290BA /* Assets.xcassets */ = {isa = PBXFileReference; lastKnownFileType = folder.assetcatalog; path = Assets.xcassets; sourceTree = "<group>"; };
		E35D9202296ED923007290BA /* Preview Assets.xcassets */ = {isa = PBXFileReference; lastKnownFileType = folder.assetcatalog; path = "Preview Assets.xcassets"; sourceTree = "<group>"; };
		E35D920C296ED969007290BA /* FirstTabView.swift */ = {isa = PBXFileReference; lastKnownFileType = sourcecode.swift; path = FirstTabView.swift; sourceTree = "<group>"; };
		E35D920E296EDB16007290BA /* DetailView.swift */ = {isa = PBXFileReference; lastKnownFileType = sourcecode.swift; path = DetailView.swift; sourceTree = "<group>"; };
		E35D9211296EE3AD007290BA /* Book.swift */ = {isa = PBXFileReference; lastKnownFileType = sourcecode.swift; path = Book.swift; sourceTree = "<group>"; };
		E35D9213296EE409007290BA /* SecondTabView.swift */ = {isa = PBXFileReference; lastKnownFileType = sourcecode.swift; path = SecondTabView.swift; sourceTree = "<group>"; };
		E35D9215296EE4B7007290BA /* BookDestinationView.swift */ = {isa = PBXFileReference; lastKnownFileType = sourcecode.swift; path = BookDestinationView.swift; sourceTree = "<group>"; };
		E35D9217296EE615007290BA /* ThirdTabView.swift */ = {isa = PBXFileReference; lastKnownFileType = sourcecode.swift; path = ThirdTabView.swift; sourceTree = "<group>"; };
		E35D9219296EE620007290BA /* Song.swift */ = {isa = PBXFileReference; lastKnownFileType = sourcecode.swift; path = Song.swift; sourceTree = "<group>"; };
		E35D921B296EE626007290BA /* Movie.swift */ = {isa = PBXFileReference; lastKnownFileType = sourcecode.swift; path = Movie.swift; sourceTree = "<group>"; };
		E35D921D296EE733007290BA /* ModelDataManager.swift */ = {isa = PBXFileReference; lastKnownFileType = sourcecode.swift; path = ModelDataManager.swift; sourceTree = "<group>"; };
		E35D921F296EE7BC007290BA /* RootView.swift */ = {isa = PBXFileReference; lastKnownFileType = sourcecode.swift; path = RootView.swift; sourceTree = "<group>"; };
		E35D9221296EFADA007290BA /* SongDetailView.swift */ = {isa = PBXFileReference; lastKnownFileType = sourcecode.swift; path = SongDetailView.swift; sourceTree = "<group>"; };
		E35D9223296EFB3E007290BA /* SettingsView.swift */ = {isa = PBXFileReference; lastKnownFileType = sourcecode.swift; path = SettingsView.swift; sourceTree = "<group>"; };
		E35D9225296EFBF2007290BA /* BookDetailView.swift */ = {isa = PBXFileReference; lastKnownFileType = sourcecode.swift; path = BookDetailView.swift; sourceTree = "<group>"; };
		E35D9227296EFCF1007290BA /* MovieDetailView.swift */ = {isa = PBXFileReference; lastKnownFileType = sourcecode.swift; path = MovieDetailView.swift; sourceTree = "<group>"; };
		E35D9229296F1B27007290BA /* NavigationStateManager.swift */ = {isa = PBXFileReference; lastKnownFileType = sourcecode.swift; path = NavigationStateManager.swift; sourceTree = "<group>"; };
/* End PBXFileReference section */

/* Begin PBXFrameworksBuildPhase section */
		E35D91F5296ED922007290BA /* Frameworks */ = {
			isa = PBXFrameworksBuildPhase;
			buildActionMask = 2147483647;
			files = (
			);
			runOnlyForDeploymentPostprocessing = 0;
		};
/* End PBXFrameworksBuildPhase section */

/* Begin PBXGroup section */
		E35D91EF296ED922007290BA = {
			isa = PBXGroup;
			children = (
				E35D91FA296ED922007290BA /* NavigationStackProject */,
				E35D91F9296ED922007290BA /* Products */,
			);
			sourceTree = "<group>";
		};
		E35D91F9296ED922007290BA /* Products */ = {
			isa = PBXGroup;
			children = (
				E35D91F8296ED922007290BA /* NavigationStackProject.app */,
			);
			name = Products;
			sourceTree = "<group>";
		};
		E35D91FA296ED922007290BA /* NavigationStackProject */ = {
			isa = PBXGroup;
			children = (
				E35D9210296EE3A2007290BA /* model */,
				E35D9209296ED948007290BA /* first tab */,
				E35D920A296ED94E007290BA /* second tab */,
				E35D920B296ED953007290BA /* third tab */,
				E35D91FB296ED922007290BA /* NavigationStackProjectApp.swift */,
				E35D91FD296ED922007290BA /* ContentView.swift */,
				E35D91FF296ED923007290BA /* Assets.xcassets */,
				E35D9201296ED923007290BA /* Preview Content */,
			);
			path = NavigationStackProject;
			sourceTree = "<group>";
		};
		E35D9201296ED923007290BA /* Preview Content */ = {
			isa = PBXGroup;
			children = (
				E35D9202296ED923007290BA /* Preview Assets.xcassets */,
			);
			path = "Preview Content";
			sourceTree = "<group>";
		};
		E35D9209296ED948007290BA /* first tab */ = {
			isa = PBXGroup;
			children = (
				E35D920C296ED969007290BA /* FirstTabView.swift */,
				E35D920E296EDB16007290BA /* DetailView.swift */,
			);
			path = "first tab";
			sourceTree = "<group>";
		};
		E35D920A296ED94E007290BA /* second tab */ = {
			isa = PBXGroup;
			children = (
				E35D9213296EE409007290BA /* SecondTabView.swift */,
				E35D9215296EE4B7007290BA /* BookDestinationView.swift */,
			);
			path = "second tab";
			sourceTree = "<group>";
		};
		E35D920B296ED953007290BA /* third tab */ = {
			isa = PBXGroup;
			children = (
				E35D922B296F1CCA007290BA /* view model */,
				E35D9217296EE615007290BA /* ThirdTabView.swift */,
				E35D9227296EFCF1007290BA /* MovieDetailView.swift */,
				E35D9221296EFADA007290BA /* SongDetailView.swift */,
				E35D9223296EFB3E007290BA /* SettingsView.swift */,
				E35D921F296EE7BC007290BA /* RootView.swift */,
				E35D9225296EFBF2007290BA /* BookDetailView.swift */,
			);
			path = "third tab";
			sourceTree = "<group>";
		};
		E35D9210296EE3A2007290BA /* model */ = {
			isa = PBXGroup;
			children = (
				E35D9211296EE3AD007290BA /* Book.swift */,
				E35D9219296EE620007290BA /* Song.swift */,
				E35D921B296EE626007290BA /* Movie.swift */,
			);
			path = model;
			sourceTree = "<group>";
		};
		E35D922B296F1CCA007290BA /* view model */ = {
			isa = PBXGroup;
			children = (
				E35D9229296F1B27007290BA /* NavigationStateManager.swift */,
				E35D921D296EE733007290BA /* ModelDataManager.swift */,
			);
			path = "view model";
			sourceTree = "<group>";
		};
/* End PBXGroup section */

/* Begin PBXNativeTarget section */
		E35D91F7296ED922007290BA /* NavigationStackProject */ = {
			isa = PBXNativeTarget;
			buildConfigurationList = E35D9206296ED923007290BA /* Build configuration list for PBXNativeTarget "NavigationStackProject" */;
			buildPhases = (
				E35D91F4296ED922007290BA /* Sources */,
				E35D91F5296ED922007290BA /* Frameworks */,
				E35D91F6296ED922007290BA /* Resources */,
			);
			buildRules = (
			);
			dependencies = (
			);
			name = NavigationStackProject;
			productName = NavigationStackProject;
			productReference = E35D91F8296ED922007290BA /* NavigationStackProject.app */;
			productType = "com.apple.product-type.application";
		};
/* End PBXNativeTarget section */

/* Begin PBXProject section */
		E35D91F0296ED922007290BA /* Project object */ = {
			isa = PBXProject;
			attributes = {
				BuildIndependentTargetsInParallel = 1;
				LastSwiftUpdateCheck = 1410;
				LastUpgradeCheck = 1410;
				TargetAttributes = {
					E35D91F7296ED922007290BA = {
						CreatedOnToolsVersion = 14.1;
					};
				};
			};
			buildConfigurationList = E35D91F3296ED922007290BA /* Build configuration list for PBXProject "NavigationStackProject" */;
			compatibilityVersion = "Xcode 14.0";
			developmentRegion = en;
			hasScannedForEncodings = 0;
			knownRegions = (
				en,
				Base,
			);
			mainGroup = E35D91EF296ED922007290BA;
			productRefGroup = E35D91F9296ED922007290BA /* Products */;
			projectDirPath = "";
			projectRoot = "";
			targets = (
				E35D91F7296ED922007290BA /* NavigationStackProject */,
			);
		};
/* End PBXProject section */

/* Begin PBXResourcesBuildPhase section */
		E35D91F6296ED922007290BA /* Resources */ = {
			isa = PBXResourcesBuildPhase;
			buildActionMask = 2147483647;
			files = (
				E35D9203296ED923007290BA /* Preview Assets.xcassets in Resources */,
				E35D9200296ED923007290BA /* Assets.xcassets in Resources */,
			);
			runOnlyForDeploymentPostprocessing = 0;
		};
/* End PBXResourcesBuildPhase section */

/* Begin PBXSourcesBuildPhase section */
		E35D91F4296ED922007290BA /* Sources */ = {
			isa = PBXSourcesBuildPhase;
			buildActionMask = 2147483647;
			files = (
				E35D921A296EE620007290BA /* Song.swift in Sources */,
				E35D91FE296ED922007290BA /* ContentView.swift in Sources */,
				E35D9216296EE4B7007290BA /* BookDestinationView.swift in Sources */,
				E35D922A296F1B27007290BA /* NavigationStateManager.swift in Sources */,
				E35D9218296EE615007290BA /* ThirdTabView.swift in Sources */,
				E35D921C296EE626007290BA /* Movie.swift in Sources */,
				E35D920F296EDB16007290BA /* DetailView.swift in Sources */,
				E35D920D296ED969007290BA /* FirstTabView.swift in Sources */,
				E35D9226296EFBF2007290BA /* BookDetailView.swift in Sources */,
				E35D9224296EFB3E007290BA /* SettingsView.swift in Sources */,
				E35D921E296EE733007290BA /* ModelDataManager.swift in Sources */,
				E35D9220296EE7BC007290BA /* RootView.swift in Sources */,
				E35D9212296EE3AD007290BA /* Book.swift in Sources */,
				E35D9214296EE409007290BA /* SecondTabView.swift in Sources */,
				E35D9222296EFADA007290BA /* SongDetailView.swift in Sources */,
				E35D9228296EFCF1007290BA /* MovieDetailView.swift in Sources */,
				E35D91FC296ED922007290BA /* NavigationStackProjectApp.swift in Sources */,
			);
			runOnlyForDeploymentPostprocessing = 0;
		};
/* End PBXSourcesBuildPhase section */

/* Begin XCBuildConfiguration section */
		E35D9204296ED923007290BA /* Debug */ = {
			isa = XCBuildConfiguration;
			buildSettings = {
				ALWAYS_SEARCH_USER_PATHS = NO;
				CLANG_ANALYZER_NONNULL = YES;
				CLANG_ANALYZER_NUMBER_OBJECT_CONVERSION = YES_AGGRESSIVE;
				CLANG_CXX_LANGUAGE_STANDARD = "gnu++20";
				CLANG_ENABLE_MODULES = YES;
				CLANG_ENABLE_OBJC_ARC = YES;
				CLANG_ENABLE_OBJC_WEAK = YES;
				CLANG_WARN_BLOCK_CAPTURE_AUTORELEASING = YES;
				CLANG_WARN_BOOL_CONVERSION = YES;
				CLANG_WARN_COMMA = YES;
				CLANG_WARN_CONSTANT_CONVERSION = YES;
				CLANG_WARN_DEPRECATED_OBJC_IMPLEMENTATIONS = YES;
				CLANG_WARN_DIRECT_OBJC_ISA_USAGE = YES_ERROR;
				CLANG_WARN_DOCUMENTATION_COMMENTS = YES;
				CLANG_WARN_EMPTY_BODY = YES;
				CLANG_WARN_ENUM_CONVERSION = YES;
				CLANG_WARN_INFINITE_RECURSION = YES;
				CLANG_WARN_INT_CONVERSION = YES;
				CLANG_WARN_NON_LITERAL_NULL_CONVERSION = YES;
				CLANG_WARN_OBJC_IMPLICIT_RETAIN_SELF = YES;
				CLANG_WARN_OBJC_LITERAL_CONVERSION = YES;
				CLANG_WARN_OBJC_ROOT_CLASS = YES_ERROR;
				CLANG_WARN_QUOTED_INCLUDE_IN_FRAMEWORK_HEADER = YES;
				CLANG_WARN_RANGE_LOOP_ANALYSIS = YES;
				CLANG_WARN_STRICT_PROTOTYPES = YES;
				CLANG_WARN_SUSPICIOUS_MOVE = YES;
				CLANG_WARN_UNGUARDED_AVAILABILITY = YES_AGGRESSIVE;
				CLANG_WARN_UNREACHABLE_CODE = YES;
				CLANG_WARN__DUPLICATE_METHOD_MATCH = YES;
				COPY_PHASE_STRIP = NO;
				DEBUG_INFORMATION_FORMAT = dwarf;
				ENABLE_STRICT_OBJC_MSGSEND = YES;
				ENABLE_TESTABILITY = YES;
				GCC_C_LANGUAGE_STANDARD = gnu11;
				GCC_DYNAMIC_NO_PIC = NO;
				GCC_NO_COMMON_BLOCKS = YES;
				GCC_OPTIMIZATION_LEVEL = 0;
				GCC_PREPROCESSOR_DEFINITIONS = (
					"DEBUG=1",
					"$(inherited)",
				);
				GCC_WARN_64_TO_32_BIT_CONVERSION = YES;
				GCC_WARN_ABOUT_RETURN_TYPE = YES_ERROR;
				GCC_WARN_UNDECLARED_SELECTOR = YES;
				GCC_WARN_UNINITIALIZED_AUTOS = YES_AGGRESSIVE;
				GCC_WARN_UNUSED_FUNCTION = YES;
				GCC_WARN_UNUSED_VARIABLE = YES;
				IPHONEOS_DEPLOYMENT_TARGET = 16.1;
				MTL_ENABLE_DEBUG_INFO = INCLUDE_SOURCE;
				MTL_FAST_MATH = YES;
				ONLY_ACTIVE_ARCH = YES;
				SDKROOT = iphoneos;
				SWIFT_ACTIVE_COMPILATION_CONDITIONS = DEBUG;
				SWIFT_OPTIMIZATION_LEVEL = "-Onone";
			};
			name = Debug;
		};
		E35D9205296ED923007290BA /* Release */ = {
			isa = XCBuildConfiguration;
			buildSettings = {
				ALWAYS_SEARCH_USER_PATHS = NO;
				CLANG_ANALYZER_NONNULL = YES;
				CLANG_ANALYZER_NUMBER_OBJECT_CONVERSION = YES_AGGRESSIVE;
				CLANG_CXX_LANGUAGE_STANDARD = "gnu++20";
				CLANG_ENABLE_MODULES = YES;
				CLANG_ENABLE_OBJC_ARC = YES;
				CLANG_ENABLE_OBJC_WEAK = YES;
				CLANG_WARN_BLOCK_CAPTURE_AUTORELEASING = YES;
				CLANG_WARN_BOOL_CONVERSION = YES;
				CLANG_WARN_COMMA = YES;
				CLANG_WARN_CONSTANT_CONVERSION = YES;
				CLANG_WARN_DEPRECATED_OBJC_IMPLEMENTATIONS = YES;
				CLANG_WARN_DIRECT_OBJC_ISA_USAGE = YES_ERROR;
				CLANG_WARN_DOCUMENTATION_COMMENTS = YES;
				CLANG_WARN_EMPTY_BODY = YES;
				CLANG_WARN_ENUM_CONVERSION = YES;
				CLANG_WARN_INFINITE_RECURSION = YES;
				CLANG_WARN_INT_CONVERSION = YES;
				CLANG_WARN_NON_LITERAL_NULL_CONVERSION = YES;
				CLANG_WARN_OBJC_IMPLICIT_RETAIN_SELF = YES;
				CLANG_WARN_OBJC_LITERAL_CONVERSION = YES;
				CLANG_WARN_OBJC_ROOT_CLASS = YES_ERROR;
				CLANG_WARN_QUOTED_INCLUDE_IN_FRAMEWORK_HEADER = YES;
				CLANG_WARN_RANGE_LOOP_ANALYSIS = YES;
				CLANG_WARN_STRICT_PROTOTYPES = YES;
				CLANG_WARN_SUSPICIOUS_MOVE = YES;
				CLANG_WARN_UNGUARDED_AVAILABILITY = YES_AGGRESSIVE;
				CLANG_WARN_UNREACHABLE_CODE = YES;
				CLANG_WARN__DUPLICATE_METHOD_MATCH = YES;
				COPY_PHASE_STRIP = NO;
				DEBUG_INFORMATION_FORMAT = "dwarf-with-dsym";
				ENABLE_NS_ASSERTIONS = NO;
				ENABLE_STRICT_OBJC_MSGSEND = YES;
				GCC_C_LANGUAGE_STANDARD = gnu11;
				GCC_NO_COMMON_BLOCKS = YES;
				GCC_WARN_64_TO_32_BIT_CONVERSION = YES;
				GCC_WARN_ABOUT_RETURN_TYPE = YES_ERROR;
				GCC_WARN_UNDECLARED_SELECTOR = YES;
				GCC_WARN_UNINITIALIZED_AUTOS = YES_AGGRESSIVE;
				GCC_WARN_UNUSED_FUNCTION = YES;
				GCC_WARN_UNUSED_VARIABLE = YES;
				IPHONEOS_DEPLOYMENT_TARGET = 16.1;
				MTL_ENABLE_DEBUG_INFO = NO;
				MTL_FAST_MATH = YES;
				SDKROOT = iphoneos;
				SWIFT_COMPILATION_MODE = wholemodule;
				SWIFT_OPTIMIZATION_LEVEL = "-O";
				VALIDATE_PRODUCT = YES;
			};
			name = Release;
		};
		E35D9207296ED923007290BA /* Debug */ = {
			isa = XCBuildConfiguration;
			buildSettings = {
				ASSETCATALOG_COMPILER_APPICON_NAME = AppIcon;
				ASSETCATALOG_COMPILER_GLOBAL_ACCENT_COLOR_NAME = AccentColor;
				CODE_SIGN_STYLE = Automatic;
				CURRENT_PROJECT_VERSION = 1;
				DEVELOPMENT_ASSET_PATHS = "\"NavigationStackProject/Preview Content\"";
				DEVELOPMENT_TEAM = N7XA887WXB;
				ENABLE_PREVIEWS = YES;
				GENERATE_INFOPLIST_FILE = YES;
				INFOPLIST_KEY_UIApplicationSceneManifest_Generation = YES;
				INFOPLIST_KEY_UIApplicationSupportsIndirectInputEvents = YES;
				INFOPLIST_KEY_UILaunchScreen_Generation = YES;
				INFOPLIST_KEY_UISupportedInterfaceOrientations_iPad = "UIInterfaceOrientationPortrait UIInterfaceOrientationPortraitUpsideDown UIInterfaceOrientationLandscapeLeft UIInterfaceOrientationLandscapeRight";
				INFOPLIST_KEY_UISupportedInterfaceOrientations_iPhone = "UIInterfaceOrientationPortrait UIInterfaceOrientationLandscapeLeft UIInterfaceOrientationLandscapeRight";
				LD_RUNPATH_SEARCH_PATHS = (
					"$(inherited)",
					"@executable_path/Frameworks",
				);
				MARKETING_VERSION = 1.0;
				PRODUCT_BUNDLE_IDENTIFIER = com.myothurazaw.NavigationStackProject;
				PRODUCT_NAME = "$(TARGET_NAME)";
				SWIFT_EMIT_LOC_STRINGS = YES;
				SWIFT_VERSION = 5.0;
				TARGETED_DEVICE_FAMILY = "1,2";
			};
			name = Debug;
		};
		E35D9208296ED923007290BA /* Release */ = {
			isa = XCBuildConfiguration;
			buildSettings = {
				ASSETCATALOG_COMPILER_APPICON_NAME = AppIcon;
				ASSETCATALOG_COMPILER_GLOBAL_ACCENT_COLOR_NAME = AccentColor;
				CODE_SIGN_STYLE = Automatic;
				CURRENT_PROJECT_VERSION = 1;
				DEVELOPMENT_ASSET_PATHS = "\"NavigationStackProject/Preview Content\"";
				DEVELOPMENT_TEAM = N7XA887WXB;
				ENABLE_PREVIEWS = YES;
				GENERATE_INFOPLIST_FILE = YES;
				INFOPLIST_KEY_UIApplicationSceneManifest_Generation = YES;
				INFOPLIST_KEY_UIApplicationSupportsIndirectInputEvents = YES;
				INFOPLIST_KEY_UILaunchScreen_Generation = YES;
				INFOPLIST_KEY_UISupportedInterfaceOrientations_iPad = "UIInterfaceOrientationPortrait UIInterfaceOrientationPortraitUpsideDown UIInterfaceOrientationLandscapeLeft UIInterfaceOrientationLandscapeRight";
				INFOPLIST_KEY_UISupportedInterfaceOrientations_iPhone = "UIInterfaceOrientationPortrait UIInterfaceOrientationLandscapeLeft UIInterfaceOrientationLandscapeRight";
				LD_RUNPATH_SEARCH_PATHS = (
					"$(inherited)",
					"@executable_path/Frameworks",
				);
				MARKETING_VERSION = 1.0;
				PRODUCT_BUNDLE_IDENTIFIER = com.myothurazaw.NavigationStackProject;
				PRODUCT_NAME = "$(TARGET_NAME)";
				SWIFT_EMIT_LOC_STRINGS = YES;
				SWIFT_VERSION = 5.0;
				TARGETED_DEVICE_FAMILY = "1,2";
			};
			name = Release;
		};
/* End XCBuildConfiguration section */

/* Begin XCConfigurationList section */
		E35D91F3296ED922007290BA /* Build configuration list for PBXProject "NavigationStackProject" */ = {
			isa = XCConfigurationList;
			buildConfigurations = (
				E35D9204296ED923007290BA /* Debug */,
				E35D9205296ED923007290BA /* Release */,
			);
			defaultConfigurationIsVisible = 0;
			defaultConfigurationName = Release;
		};
		E35D9206296ED923007290BA /* Build configuration list for PBXNativeTarget "NavigationStackProject" */ = {
			isa = XCConfigurationList;
			buildConfigurations = (
				E35D9207296ED923007290BA /* Debug */,
				E35D9208296ED923007290BA /* Release */,
			);
			defaultConfigurationIsVisible = 0;
			defaultConfigurationName = Release;
		};
/* End XCConfigurationList section */
	};
	rootObject = E35D91F0296ED922007290BA /* Project object */;
}
